
Microsoft Visual Studio Solution File, Format Version 12.00
Project("{FAE04EC0-301F-11D3-BF4B-00C04F79EFBC}") = "AvaloniaApplication17", "AvaloniaApplication17\AvaloniaApplication17.csproj", "{3D0BC7E0-A836-46B7-95B5-42C8E01258FF}"
EndProject
Global
	GlobalSection(SolutionConfigurationPlatforms) = preSolution
		Debug|Any CPU = Debug|Any CPU
		Release|Any CPU = Release|Any CPU
	EndGlobalSection
	GlobalSection(ProjectConfigurationPlatforms) = postSolution
		{3D0BC7E0-A836-46B7-95B5-42C8E01258FF}.Debug|Any CPU.ActiveCfg = Debug|Any CPU
		{3D0BC7E0-A836-46B7-95B5-42C8E01258FF}.Debug|Any CPU.Build.0 = Debug|Any CPU
		{3D0BC7E0-A836-46B7-95B5-42C8E01258FF}.Release|Any CPU.ActiveCfg = Release|Any CPU
		{3D0BC7E0-A836-46B7-95B5-42C8E01258FF}.Release|Any CPU.Build.0 = Release|Any CPU
	EndGlobalSection
EndGlobal
